
Microsoft Visual Studio Solution File, Format Version 12.00
# Visual Studio Version 16
VisualStudioVersion = 16.0.32106.194
MinimumVisualStudioVersion = 10.0.40219.1
Project("{9A19103F-16F7-4668-BE54-9A1E7A4F7556}") = "Week01_DemoA", "Week01_DemoA\Week01_DemoA.csproj", "{65C9439E-4248-42D5-9D0B-ADB074851B92}"
EndProject
Project("{9A19103F-16F7-4668-BE54-9A1E7A4F7556}") = "Week01_DemoB", "Week01_DemoB\Week01_DemoB.csproj", "{5981DFF1-4544-4849-BAC3-6909C23EAAD6}"
EndProject
Project("{9A19103F-16F7-4668-BE54-9A1E7A4F7556}") = "Week02_DemoB_Temperature_Converter", "Demo01_Temperature_Converter\Demo01_Temperature_Converter\Week02_DemoB_Temperature_Converter.csproj", "{9AEC30C5-EEAA-464B-813B-89B03D09595E}"
EndProject
Project("{9A19103F-16F7-4668-BE54-9A1E7A4F7556}") = "Week02_DemoA_AreaPerimeter_Calc", "W2_Demo2_AreaPerimeter_Calc\W2_Demo2_AreaPerimeter_Calc\Week02_DemoA_AreaPerimeter_Calc.csproj", "{47C2766D-B920-41BE-BD09-687243CE3AE5}"
EndProject
Project("{9A19103F-16F7-4668-BE54-9A1E7A4F7556}") = "ICE01", "ICE01\ICE01.csproj", "{571A82EA-E98E-46FA-97F5-B5AFED9CA85F}"
EndProject
Project("{9A19103F-16F7-4668-BE54-9A1E7A4F7556}") = "Week03_Demo_ColourPicker", "Week03_DemoA_Main\Week03_Demo_ColourPicker.csproj", "{AD689B3B-422C-49AA-8CBA-8EC157E99ADC}"
EndProject
Project("{9A19103F-16F7-4668-BE54-9A1E7A4F7556}") = "Lab1_Cases", "Lab1_Cases\Lab1_Cases.csproj", "{271E4D7E-5327-4674-8E83-00DE540A2809}"
EndProject
Project("{9A19103F-16F7-4668-BE54-9A1E7A4F7556}") = "Lab_1_Cases", "Lab_1_Cases\Lab_1_Cases.csproj", "{DF651F22-BFD4-4F66-BEA5-BD207CE66801}"
EndProject
Project("{9A19103F-16F7-4668-BE54-9A1E7A4F7556}") = "Week04_Bowling_Demo", "w4_demo1_BowlingTeam\Week04_Bowling_Demo.csproj", "{922F77D7-1369-469E-9CDE-548965CEBB00}"
EndProject
Project("{9A19103F-16F7-4668-BE54-9A1E7A4F7556}") = "ICE02", "ICE02\ICE02.csproj", "{37264B28-3E86-4D87-8868-C4F771755CA1}"
EndProject
Project("{9A19103F-16F7-4668-BE54-9A1E7A4F7556}") = "ICE2_DiseaseCases", "ICE2_DiseaseCases\ICE2_DiseaseCases.csproj", "{CBAB8258-535E-4489-902D-0B732A7AF087}"
EndProject
Project("{9A19103F-16F7-4668-BE54-9A1E7A4F7556}") = "Lab02_Semester_Grades", "Lab02_Semester_Grades\Lab02_Semester_Grades.csproj", "{2AA631D6-8378-4465-9D47-F6A18A354117}"
EndProject
Project("{9A19103F-16F7-4668-BE54-9A1E7A4F7556}") = "Week05_Demo_ColourSwatch", "Week05_Demo\Week05_Demo_ColourSwatch.csproj", "{2C2C11ED-1F71-4030-9383-142E97E128AC}"
EndProject
Project("{9A19103F-16F7-4668-BE54-9A1E7A4F7556}") = "Week06_Demo_EnterNameHere", "Week06_Demo_EnterNameHere\Week06_Demo_EnterNameHere.csproj", "{06BED1A2-FAD8-4C53-BF3A-14D174DE20EB}"
EndProject
Project("{9A19103F-16F7-4668-BE54-9A1E7A4F7556}") = "Lab03_Cases_Region", "Lab03_Cases_Region\Lab03_Cases_Region.csproj", "{3F420FAD-8E37-495A-9C8B-8C5E88422045}"
EndProject
Project("{9A19103F-16F7-4668-BE54-9A1E7A4F7556}") = "Week07_Demo_Classes1", "Week07_Demo_Classes1\Week07_Demo_Classes1.csproj", "{CC71EF32-456E-4FA9-84BF-ED4DF64EC985}"
EndProject
Project("{9A19103F-16F7-4668-BE54-9A1E7A4F7556}") = "Week08_Collections", "W8_Collections\Week08_Collections.csproj", "{9C20A2AE-E800-4851-A1E2-BB25D9772537}"
EndProject
Project("{9A19103F-16F7-4668-BE54-9A1E7A4F7556}") = "ICE04-Classes", "ICE04-Classes\ICE04-Classes.csproj", "{5F0C500F-D561-4CC3-B230-53C5EED1EC76}"
EndProject
Project("{9A19103F-16F7-4668-BE54-9A1E7A4F7556}") = "Lab4-Contact", "Lab4-Contact\Lab4-Contact.csproj", "{F4DA9EC7-297F-4961-8883-6F3D1FF37D7B}"
EndProject
Project("{9A19103F-16F7-4668-BE54-9A1E7A4F7556}") = "CustomerViewer-martin", "CustomerViewer2021-master\CustomerViewer-martin.csproj", "{42E118AB-4862-44A9-A194-92E3E6560DE8}"
EndProject
Project("{9A19103F-16F7-4668-BE54-9A1E7A4F7556}") = "Week09_MultiForms", "Week09_MultiForms\Week09_MultiForms.csproj", "{58A52737-4AAC-4EE4-8184-A30BC02BCC94}"
EndProject
Project("{9A19103F-16F7-4668-BE54-9A1E7A4F7556}") = "Lab5_TextForm", "Lab5_TextForm\Lab5_TextForm.csproj", "{95A905FE-CE06-4556-9B1F-D5AF0075D787}"
EndProject
Project("{9A19103F-16F7-4668-BE54-9A1E7A4F7556}") = "Week12_MDI", "Week12_MDI\Week12_MDI.csproj", "{959BED85-FE5B-48A7-9000-1039CDF39D0C}"
EndProject
Project("{9A19103F-16F7-4668-BE54-9A1E7A4F7556}") = "Lab6_MassForm", "Lab6_MassForm\Lab6_MassForm.csproj", "{83C98443-6393-455B-8BC8-6812A8DE465C}"
EndProject
Project("{9A19103F-16F7-4668-BE54-9A1E7A4F7556}") = "CustomerViewer", "..\..\..\..\Desktop\CustomerViewer2021-master\CustomerViewer.csproj", "{C2FD5936-4709-4D12-AA84-1981B1759BA4}"
EndProject
Global
	GlobalSection(SolutionConfigurationPlatforms) = preSolution
		Debug|Any CPU = Debug|Any CPU
		Release|Any CPU = Release|Any CPU
	EndGlobalSection
	GlobalSection(ProjectConfigurationPlatforms) = postSolution
		{65C9439E-4248-42D5-9D0B-ADB074851B92}.Debug|Any CPU.ActiveCfg = Debug|Any CPU
		{65C9439E-4248-42D5-9D0B-ADB074851B92}.Debug|Any CPU.Build.0 = Debug|Any CPU
		{65C9439E-4248-42D5-9D0B-ADB074851B92}.Release|Any CPU.ActiveCfg = Release|Any CPU
		{65C9439E-4248-42D5-9D0B-ADB074851B92}.Release|Any CPU.Build.0 = Release|Any CPU
		{5981DFF1-4544-4849-BAC3-6909C23EAAD6}.Debug|Any CPU.ActiveCfg = Debug|Any CPU
		{5981DFF1-4544-4849-BAC3-6909C23EAAD6}.Debug|Any CPU.Build.0 = Debug|Any CPU
		{5981DFF1-4544-4849-BAC3-6909C23EAAD6}.Release|Any CPU.ActiveCfg = Release|Any CPU
		{5981DFF1-4544-4849-BAC3-6909C23EAAD6}.Release|Any CPU.Build.0 = Release|Any CPU
		{9AEC30C5-EEAA-464B-813B-89B03D09595E}.Debug|Any CPU.ActiveCfg = Debug|Any CPU
		{9AEC30C5-EEAA-464B-813B-89B03D09595E}.Debug|Any CPU.Build.0 = Debug|Any CPU
		{9AEC30C5-EEAA-464B-813B-89B03D09595E}.Release|Any CPU.ActiveCfg = Release|Any CPU
		{9AEC30C5-EEAA-464B-813B-89B03D09595E}.Release|Any CPU.Build.0 = Release|Any CPU
		{47C2766D-B920-41BE-BD09-687243CE3AE5}.Debug|Any CPU.ActiveCfg = Debug|Any CPU
		{47C2766D-B920-41BE-BD09-687243CE3AE5}.Debug|Any CPU.Build.0 = Debug|Any CPU
		{47C2766D-B920-41BE-BD09-687243CE3AE5}.Release|Any CPU.ActiveCfg = Release|Any CPU
		{47C2766D-B920-41BE-BD09-687243CE3AE5}.Release|Any CPU.Build.0 = Release|Any CPU
		{571A82EA-E98E-46FA-97F5-B5AFED9CA85F}.Debug|Any CPU.ActiveCfg = Debug|Any CPU
		{571A82EA-E98E-46FA-97F5-B5AFED9CA85F}.Debug|Any CPU.Build.0 = Debug|Any CPU
		{571A82EA-E98E-46FA-97F5-B5AFED9CA85F}.Release|Any CPU.ActiveCfg = Release|Any CPU
		{571A82EA-E98E-46FA-97F5-B5AFED9CA85F}.Release|Any CPU.Build.0 = Release|Any CPU
		{AD689B3B-422C-49AA-8CBA-8EC157E99ADC}.Debug|Any CPU.ActiveCfg = Debug|Any CPU
		{AD689B3B-422C-49AA-8CBA-8EC157E99ADC}.Debug|Any CPU.Build.0 = Debug|Any CPU
		{AD689B3B-422C-49AA-8CBA-8EC157E99ADC}.Release|Any CPU.ActiveCfg = Release|Any CPU
		{AD689B3B-422C-49AA-8CBA-8EC157E99ADC}.Release|Any CPU.Build.0 = Release|Any CPU
		{271E4D7E-5327-4674-8E83-00DE540A2809}.Debug|Any CPU.ActiveCfg = Debug|Any CPU
		{271E4D7E-5327-4674-8E83-00DE540A2809}.Debug|Any CPU.Build.0 = Debug|Any CPU
		{271E4D7E-5327-4674-8E83-00DE540A2809}.Release|Any CPU.ActiveCfg = Release|Any CPU
		{271E4D7E-5327-4674-8E83-00DE540A2809}.Release|Any CPU.Build.0 = Release|Any CPU
		{DF651F22-BFD4-4F66-BEA5-BD207CE66801}.Debug|Any CPU.ActiveCfg = Debug|Any CPU
		{DF651F22-BFD4-4F66-BEA5-BD207CE66801}.Debug|Any CPU.Build.0 = Debug|Any CPU
		{DF651F22-BFD4-4F66-BEA5-BD207CE66801}.Release|Any CPU.ActiveCfg = Release|Any CPU
		{DF651F22-BFD4-4F66-BEA5-BD207CE66801}.Release|Any CPU.Build.0 = Release|Any CPU
		{922F77D7-1369-469E-9CDE-548965CEBB00}.Debug|Any CPU.ActiveCfg = Debug|Any CPU
		{922F77D7-1369-469E-9CDE-548965CEBB00}.Debug|Any CPU.Build.0 = Debug|Any CPU
		{922F77D7-1369-469E-9CDE-548965CEBB00}.Release|Any CPU.ActiveCfg = Release|Any CPU
		{922F77D7-1369-469E-9CDE-548965CEBB00}.Release|Any CPU.Build.0 = Release|Any CPU
		{37264B28-3E86-4D87-8868-C4F771755CA1}.Debug|Any CPU.ActiveCfg = Debug|Any CPU
		{37264B28-3E86-4D87-8868-C4F771755CA1}.Debug|Any CPU.Build.0 = Debug|Any CPU
		{37264B28-3E86-4D87-8868-C4F771755CA1}.Release|Any CPU.ActiveCfg = Release|Any CPU
		{37264B28-3E86-4D87-8868-C4F771755CA1}.Release|Any CPU.Build.0 = Release|Any CPU
		{CBAB8258-535E-4489-902D-0B732A7AF087}.Debug|Any CPU.ActiveCfg = Debug|Any CPU
		{CBAB8258-535E-4489-902D-0B732A7AF087}.Debug|Any CPU.Build.0 = Debug|Any CPU
		{CBAB8258-535E-4489-902D-0B732A7AF087}.Release|Any CPU.ActiveCfg = Release|Any CPU
		{CBAB8258-535E-4489-902D-0B732A7AF087}.Release|Any CPU.Build.0 = Release|Any CPU
		{2AA631D6-8378-4465-9D47-F6A18A354117}.Debug|Any CPU.ActiveCfg = Debug|Any CPU
		{2AA631D6-8378-4465-9D47-F6A18A354117}.Debug|Any CPU.Build.0 = Debug|Any CPU
		{2AA631D6-8378-4465-9D47-F6A18A354117}.Release|Any CPU.ActiveCfg = Release|Any CPU
		{2AA631D6-8378-4465-9D47-F6A18A354117}.Release|Any CPU.Build.0 = Release|Any CPU
		{2C2C11ED-1F71-4030-9383-142E97E128AC}.Debug|Any CPU.ActiveCfg = Debug|Any CPU
		{2C2C11ED-1F71-4030-9383-142E97E128AC}.Debug|Any CPU.Build.0 = Debug|Any CPU
		{2C2C11ED-1F71-4030-9383-142E97E128AC}.Release|Any CPU.ActiveCfg = Release|Any CPU
		{2C2C11ED-1F71-4030-9383-142E97E128AC}.Release|Any CPU.Build.0 = Release|Any CPU
		{06BED1A2-FAD8-4C53-BF3A-14D174DE20EB}.Debug|Any CPU.ActiveCfg = Debug|Any CPU
		{06BED1A2-FAD8-4C53-BF3A-14D174DE20EB}.Debug|Any CPU.Build.0 = Debug|Any CPU
		{06BED1A2-FAD8-4C53-BF3A-14D174DE20EB}.Release|Any CPU.ActiveCfg = Release|Any CPU
		{06BED1A2-FAD8-4C53-BF3A-14D174DE20EB}.Release|Any CPU.Build.0 = Release|Any CPU
		{3F420FAD-8E37-495A-9C8B-8C5E88422045}.Debug|Any CPU.ActiveCfg = Debug|Any CPU
		{3F420FAD-8E37-495A-9C8B-8C5E88422045}.Debug|Any CPU.Build.0 = Debug|Any CPU
		{3F420FAD-8E37-495A-9C8B-8C5E88422045}.Release|Any CPU.ActiveCfg = Release|Any CPU
		{3F420FAD-8E37-495A-9C8B-8C5E88422045}.Release|Any CPU.Build.0 = Release|Any CPU
		{CC71EF32-456E-4FA9-84BF-ED4DF64EC985}.Debug|Any CPU.ActiveCfg = Debug|Any CPU
		{CC71EF32-456E-4FA9-84BF-ED4DF64EC985}.Debug|Any CPU.Build.0 = Debug|Any CPU
		{CC71EF32-456E-4FA9-84BF-ED4DF64EC985}.Release|Any CPU.ActiveCfg = Release|Any CPU
		{CC71EF32-456E-4FA9-84BF-ED4DF64EC985}.Release|Any CPU.Build.0 = Release|Any CPU
		{9C20A2AE-E800-4851-A1E2-BB25D9772537}.Debug|Any CPU.ActiveCfg = Debug|Any CPU
		{9C20A2AE-E800-4851-A1E2-BB25D9772537}.Debug|Any CPU.Build.0 = Debug|Any CPU
		{9C20A2AE-E800-4851-A1E2-BB25D9772537}.Release|Any CPU.ActiveCfg = Release|Any CPU
		{9C20A2AE-E800-4851-A1E2-BB25D9772537}.Release|Any CPU.Build.0 = Release|Any CPU
		{5F0C500F-D561-4CC3-B230-53C5EED1EC76}.Debug|Any CPU.ActiveCfg = Debug|Any CPU
		{5F0C500F-D561-4CC3-B230-53C5EED1EC76}.Debug|Any CPU.Build.0 = Debug|Any CPU
		{5F0C500F-D561-4CC3-B230-53C5EED1EC76}.Release|Any CPU.ActiveCfg = Release|Any CPU
		{5F0C500F-D561-4CC3-B230-53C5EED1EC76}.Release|Any CPU.Build.0 = Release|Any CPU
		{F4DA9EC7-297F-4961-8883-6F3D1FF37D7B}.Debug|Any CPU.ActiveCfg = Debug|Any CPU
		{F4DA9EC7-297F-4961-8883-6F3D1FF37D7B}.Debug|Any CPU.Build.0 = Debug|Any CPU
		{F4DA9EC7-297F-4961-8883-6F3D1FF37D7B}.Release|Any CPU.ActiveCfg = Release|Any CPU
		{F4DA9EC7-297F-4961-8883-6F3D1FF37D7B}.Release|Any CPU.Build.0 = Release|Any CPU
		{42E118AB-4862-44A9-A194-92E3E6560DE8}.Debug|Any CPU.ActiveCfg = Debug|Any CPU
		{42E118AB-4862-44A9-A194-92E3E6560DE8}.Debug|Any CPU.Build.0 = Debug|Any CPU
		{42E118AB-4862-44A9-A194-92E3E6560DE8}.Release|Any CPU.ActiveCfg = Release|Any CPU
		{42E118AB-4862-44A9-A194-92E3E6560DE8}.Release|Any CPU.Build.0 = Release|Any CPU
		{58A52737-4AAC-4EE4-8184-A30BC02BCC94}.Debug|Any CPU.ActiveCfg = Debug|Any CPU
		{58A52737-4AAC-4EE4-8184-A30BC02BCC94}.Debug|Any CPU.Build.0 = Debug|Any CPU
		{58A52737-4AAC-4EE4-8184-A30BC02BCC94}.Release|Any CPU.ActiveCfg = Release|Any CPU
		{58A52737-4AAC-4EE4-8184-A30BC02BCC94}.Release|Any CPU.Build.0 = Release|Any CPU
		{95A905FE-CE06-4556-9B1F-D5AF0075D787}.Debug|Any CPU.ActiveCfg = Debug|Any CPU
		{95A905FE-CE06-4556-9B1F-D5AF0075D787}.Debug|Any CPU.Build.0 = Debug|Any CPU
		{95A905FE-CE06-4556-9B1F-D5AF0075D787}.Release|Any CPU.ActiveCfg = Release|Any CPU
		{95A905FE-CE06-4556-9B1F-D5AF0075D787}.Release|Any CPU.Build.0 = Release|Any CPU
		{959BED85-FE5B-48A7-9000-1039CDF39D0C}.Debug|Any CPU.ActiveCfg = Debug|Any CPU
		{959BED85-FE5B-48A7-9000-1039CDF39D0C}.Debug|Any CPU.Build.0 = Debug|Any CPU
		{959BED85-FE5B-48A7-9000-1039CDF39D0C}.Release|Any CPU.ActiveCfg = Release|Any CPU
		{959BED85-FE5B-48A7-9000-1039CDF39D0C}.Release|Any CPU.Build.0 = Release|Any CPU
		{83C98443-6393-455B-8BC8-6812A8DE465C}.Debug|Any CPU.ActiveCfg = Debug|Any CPU
		{83C98443-6393-455B-8BC8-6812A8DE465C}.Debug|Any CPU.Build.0 = Debug|Any CPU
		{83C98443-6393-455B-8BC8-6812A8DE465C}.Release|Any CPU.ActiveCfg = Release|Any CPU
		{83C98443-6393-455B-8BC8-6812A8DE465C}.Release|Any CPU.Build.0 = Release|Any CPU
		{C2FD5936-4709-4D12-AA84-1981B1759BA4}.Debug|Any CPU.ActiveCfg = Debug|Any CPU
		{C2FD5936-4709-4D12-AA84-1981B1759BA4}.Debug|Any CPU.Build.0 = Debug|Any CPU
		{C2FD5936-4709-4D12-AA84-1981B1759BA4}.Release|Any CPU.ActiveCfg = Release|Any CPU
		{C2FD5936-4709-4D12-AA84-1981B1759BA4}.Release|Any CPU.Build.0 = Release|Any CPU
	EndGlobalSection
	GlobalSection(SolutionProperties) = preSolution
		HideSolutionNode = FALSE
	EndGlobalSection
	GlobalSection(ExtensibilityGlobals) = postSolution
		SolutionGuid = {4402E5B4-9EEC-4337-B659-4417DA939DBF}
	EndGlobalSection
EndGlobal
